
Microsoft Visual Studio Solution File, Format Version 12.00
# Visual Studio Version 17
VisualStudioVersion = 17.6.33723.286
MinimumVisualStudioVersion = 10.0.40219.1
Project("{9A19103F-16F7-4668-BE54-9A1E7A4F7556}") = "WebPessoaAPII", "WebPessoaAPII.csproj", "{13018F3C-4B18-4951-B18B-91E08D5135A0}"
EndProject
Project("{FAE04EC0-301F-11D3-BF4B-00C04F79EFBC}") = "WebPessoaAPII.Application", "..\WebPessoaAPII.Application\WebPessoaAPII.Application.csproj", "{9907EB40-F000-4E74-9C09-4E9E95751B49}"
EndProject
Global
	GlobalSection(SolutionConfigurationPlatforms) = preSolution
		Debug|Any CPU = Debug|Any CPU
		Release|Any CPU = Release|Any CPU
	EndGlobalSection
	GlobalSection(ProjectConfigurationPlatforms) = postSolution
		{13018F3C-4B18-4951-B18B-91E08D5135A0}.Debug|Any CPU.ActiveCfg = Debug|Any CPU
		{13018F3C-4B18-4951-B18B-91E08D5135A0}.Debug|Any CPU.Build.0 = Debug|Any CPU
		{13018F3C-4B18-4951-B18B-91E08D5135A0}.Release|Any CPU.ActiveCfg = Release|Any CPU
		{13018F3C-4B18-4951-B18B-91E08D5135A0}.Release|Any CPU.Build.0 = Release|Any CPU
		{9907EB40-F000-4E74-9C09-4E9E95751B49}.Debug|Any CPU.ActiveCfg = Debug|Any CPU
		{9907EB40-F000-4E74-9C09-4E9E95751B49}.Debug|Any CPU.Build.0 = Debug|Any CPU
		{9907EB40-F000-4E74-9C09-4E9E95751B49}.Release|Any CPU.ActiveCfg = Release|Any CPU
		{9907EB40-F000-4E74-9C09-4E9E95751B49}.Release|Any CPU.Build.0 = Release|Any CPU
	EndGlobalSection
	GlobalSection(SolutionProperties) = preSolution
		HideSolutionNode = FALSE
	EndGlobalSection
	GlobalSection(ExtensibilityGlobals) = postSolution
		SolutionGuid = {502C45DB-AA9B-4383-9E82-45AADBEC593A}
	EndGlobalSection
EndGlobal
